
Microsoft Visual Studio Solution File, Format Version 12.00
# Visual Studio Version 17
VisualStudioVersion = 17.0.31903.59
MinimumVisualStudioVersion = 10.0.40219.1
Project("{FAE04EC0-301F-11D3-BF4B-00C04F79EFBC}") = "StockTrader.Core", "StockTrader.Core\StockTrader.Core.csproj", "{E43681E0-C983-427D-BCD0-E084688DA588}"
EndProject
Project("{FAE04EC0-301F-11D3-BF4B-00C04F79EFBC}") = "StockTrader.Data", "StockTrader.Data\StockTrader.Data.csproj", "{ECDF68EE-28B6-4A76-AD16-A22257E9CFA2}"
EndProject
Project("{FAE04EC0-301F-11D3-BF4B-00C04F79EFBC}") = "StockTrader.Service", "StockTrader.Service\StockTrader.Service.csproj", "{AEAD6975-7887-41E1-9D94-812386D5AE2F}"
EndProject
Project("{FAE04EC0-301F-11D3-BF4B-00C04F79EFBC}") = "StockTrader.Api", "StockTrader.Api\StockTrader.Api.csproj", "{D79D4192-8FBC-4A2E-BCC6-CC84FB633524}"
EndProject
Project("{FAE04EC0-301F-11D3-BF4B-00C04F79EFBC}") = "StockTrader.Worker", "StockTrader.Worker\StockTrader.Worker.csproj", "{28A3F06B-B3D1-41A7-926C-BEC88CCB3F95}"
EndProject
Global
	GlobalSection(SolutionConfigurationPlatforms) = preSolution
		Debug|Any CPU = Debug|Any CPU
		Release|Any CPU = Release|Any CPU
	EndGlobalSection
	GlobalSection(SolutionProperties) = preSolution
		HideSolutionNode = FALSE
	EndGlobalSection
	GlobalSection(ProjectConfigurationPlatforms) = postSolution
		{E43681E0-C983-427D-BCD0-E084688DA588}.Debug|Any CPU.ActiveCfg = Debug|Any CPU
		{E43681E0-C983-427D-BCD0-E084688DA588}.Debug|Any CPU.Build.0 = Debug|Any CPU
		{E43681E0-C983-427D-BCD0-E084688DA588}.Release|Any CPU.ActiveCfg = Release|Any CPU
		{E43681E0-C983-427D-BCD0-E084688DA588}.Release|Any CPU.Build.0 = Release|Any CPU
		{ECDF68EE-28B6-4A76-AD16-A22257E9CFA2}.Debug|Any CPU.ActiveCfg = Debug|Any CPU
		{ECDF68EE-28B6-4A76-AD16-A22257E9CFA2}.Debug|Any CPU.Build.0 = Debug|Any CPU
		{ECDF68EE-28B6-4A76-AD16-A22257E9CFA2}.Release|Any CPU.ActiveCfg = Release|Any CPU
		{ECDF68EE-28B6-4A76-AD16-A22257E9CFA2}.Release|Any CPU.Build.0 = Release|Any CPU
		{AEAD6975-7887-41E1-9D94-812386D5AE2F}.Debug|Any CPU.ActiveCfg = Debug|Any CPU
		{AEAD6975-7887-41E1-9D94-812386D5AE2F}.Debug|Any CPU.Build.0 = Debug|Any CPU
		{AEAD6975-7887-41E1-9D94-812386D5AE2F}.Release|Any CPU.ActiveCfg = Release|Any CPU
		{AEAD6975-7887-41E1-9D94-812386D5AE2F}.Release|Any CPU.Build.0 = Release|Any CPU
		{D79D4192-8FBC-4A2E-BCC6-CC84FB633524}.Debug|Any CPU.ActiveCfg = Debug|Any CPU
		{D79D4192-8FBC-4A2E-BCC6-CC84FB633524}.Debug|Any CPU.Build.0 = Debug|Any CPU
		{D79D4192-8FBC-4A2E-BCC6-CC84FB633524}.Release|Any CPU.ActiveCfg = Release|Any CPU
		{D79D4192-8FBC-4A2E-BCC6-CC84FB633524}.Release|Any CPU.Build.0 = Release|Any CPU
		{28A3F06B-B3D1-41A7-926C-BEC88CCB3F95}.Debug|Any CPU.ActiveCfg = Debug|Any CPU
		{28A3F06B-B3D1-41A7-926C-BEC88CCB3F95}.Debug|Any CPU.Build.0 = Debug|Any CPU
		{28A3F06B-B3D1-41A7-926C-BEC88CCB3F95}.Release|Any CPU.ActiveCfg = Release|Any CPU
		{28A3F06B-B3D1-41A7-926C-BEC88CCB3F95}.Release|Any CPU.Build.0 = Release|Any CPU
	EndGlobalSection
EndGlobal
